
Microsoft Visual Studio Solution File, Format Version 12.00
# Visual Studio Version 17
VisualStudioVersion = 17.4.33122.133
MinimumVisualStudioVersion = 10.0.40219.1
Project("{9A19103F-16F7-4668-BE54-9A1E7A4F7556}") = "VODTask.Admin.UI", "VODTask.Admin.UI\VODTask.Admin.UI.csproj", "{5F07356D-9FF7-4AD1-B814-F19B64DC029C}"
EndProject
Project("{9A19103F-16F7-4668-BE54-9A1E7A4F7556}") = "VODTask.Common", "VODTask.Common\VODTask.Common.csproj", "{EC0B6815-B126-4E68-967E-AAE8F1AEBED8}"
EndProject
Project("{9A19103F-16F7-4668-BE54-9A1E7A4F7556}") = "VODTask.Membership.Database", "VODTask.Membership.Database\VODTask.Membership.Database.csproj", "{E11563B7-18CD-4F0D-BD5F-ACF735278960}"
EndProject
Project("{9A19103F-16F7-4668-BE54-9A1E7A4F7556}") = "VODTask.Membership.API", "VODTask.Membership.API\VODTask.Membership.API.csproj", "{496C4225-968B-4942-AEC9-2E25DA391F96}"
EndProject
Global
	GlobalSection(SolutionConfigurationPlatforms) = preSolution
		Debug|Any CPU = Debug|Any CPU
		Release|Any CPU = Release|Any CPU
	EndGlobalSection
	GlobalSection(ProjectConfigurationPlatforms) = postSolution
		{5F07356D-9FF7-4AD1-B814-F19B64DC029C}.Debug|Any CPU.ActiveCfg = Debug|Any CPU
		{5F07356D-9FF7-4AD1-B814-F19B64DC029C}.Debug|Any CPU.Build.0 = Debug|Any CPU
		{5F07356D-9FF7-4AD1-B814-F19B64DC029C}.Release|Any CPU.ActiveCfg = Release|Any CPU
		{5F07356D-9FF7-4AD1-B814-F19B64DC029C}.Release|Any CPU.Build.0 = Release|Any CPU
		{EC0B6815-B126-4E68-967E-AAE8F1AEBED8}.Debug|Any CPU.ActiveCfg = Debug|Any CPU
		{EC0B6815-B126-4E68-967E-AAE8F1AEBED8}.Debug|Any CPU.Build.0 = Debug|Any CPU
		{EC0B6815-B126-4E68-967E-AAE8F1AEBED8}.Release|Any CPU.ActiveCfg = Release|Any CPU
		{EC0B6815-B126-4E68-967E-AAE8F1AEBED8}.Release|Any CPU.Build.0 = Release|Any CPU
		{E11563B7-18CD-4F0D-BD5F-ACF735278960}.Debug|Any CPU.ActiveCfg = Debug|Any CPU
		{E11563B7-18CD-4F0D-BD5F-ACF735278960}.Debug|Any CPU.Build.0 = Debug|Any CPU
		{E11563B7-18CD-4F0D-BD5F-ACF735278960}.Release|Any CPU.ActiveCfg = Release|Any CPU
		{E11563B7-18CD-4F0D-BD5F-ACF735278960}.Release|Any CPU.Build.0 = Release|Any CPU
		{496C4225-968B-4942-AEC9-2E25DA391F96}.Debug|Any CPU.ActiveCfg = Debug|Any CPU
		{496C4225-968B-4942-AEC9-2E25DA391F96}.Debug|Any CPU.Build.0 = Debug|Any CPU
		{496C4225-968B-4942-AEC9-2E25DA391F96}.Release|Any CPU.ActiveCfg = Release|Any CPU
		{496C4225-968B-4942-AEC9-2E25DA391F96}.Release|Any CPU.Build.0 = Release|Any CPU
	EndGlobalSection
	GlobalSection(SolutionProperties) = preSolution
		HideSolutionNode = FALSE
	EndGlobalSection
	GlobalSection(ExtensibilityGlobals) = postSolution
		SolutionGuid = {D52F1513-73C0-4F2F-84C6-ADADAB0FAEF0}
	EndGlobalSection
EndGlobal
